
Microsoft Visual Studio Solution File, Format Version 12.00
# Visual Studio 15
VisualStudioVersion = 15.0.26730.16
MinimumVisualStudioVersion = 10.0.40219.1
Project("{FAE04EC0-301F-11D3-BF4B-00C04F79EFBC}") = "Teeui", "Teeui\Teeui.csproj", "{160C3592-DEBA-4124-BE5A-B6302FB2D5D0}"
EndProject
Global
	GlobalSection(SolutionConfigurationPlatforms) = preSolution
		Debug|Any CPU = Debug|Any CPU
		Release|Any CPU = Release|Any CPU
	EndGlobalSection
	GlobalSection(ProjectConfigurationPlatforms) = postSolution
		{160C3592-DEBA-4124-BE5A-B6302FB2D5D0}.Debug|Any CPU.ActiveCfg = Debug|Any CPU
		{160C3592-DEBA-4124-BE5A-B6302FB2D5D0}.Debug|Any CPU.Build.0 = Debug|Any CPU
		{160C3592-DEBA-4124-BE5A-B6302FB2D5D0}.Release|Any CPU.ActiveCfg = Release|Any CPU
		{160C3592-DEBA-4124-BE5A-B6302FB2D5D0}.Release|Any CPU.Build.0 = Release|Any CPU
	EndGlobalSection
	GlobalSection(SolutionProperties) = preSolution
		HideSolutionNode = FALSE
	EndGlobalSection
	GlobalSection(ExtensibilityGlobals) = postSolution
		SolutionGuid = {5787E260-1BF8-45C9-BE0C-C69B16AE7945}
	EndGlobalSection
EndGlobal
